
Microsoft Visual Studio Solution File, Format Version 12.00
# Visual Studio 15
VisualStudioVersion = 15.0.28307.572
MinimumVisualStudioVersion = 10.0.40219.1
Project("{FAE04EC0-301F-11D3-BF4B-00C04F79EFBC}") = "TesteHBSIS.Domain", "TesteHBSIS.Domain\TesteHBSIS.Domain.csproj", "{9637E2E3-5DF3-4016-AB1A-C2B4F5CA0E7E}"
EndProject
Project("{FAE04EC0-301F-11D3-BF4B-00C04F79EFBC}") = "TesteHBSIS.Infra", "TesteHBSIS.Infra\TesteHBSIS.Infra.csproj", "{0B3D65F4-9246-4B6A-8E83-01D8F2F33660}"
EndProject
Project("{FAE04EC0-301F-11D3-BF4B-00C04F79EFBC}") = "TesteHBSIS.IoC", "TesteHBSIS.IoC\TesteHBSIS.IoC.csproj", "{EFF8A604-DFB0-4B3F-96C4-16F02C8383F5}"
EndProject
Project("{FAE04EC0-301F-11D3-BF4B-00C04F79EFBC}") = "TesteHBSIS.Api", "TesteHBSIS.Api\TesteHBSIS.Api.csproj", "{4C8D9685-C193-447E-9B40-6706E5FB59BE}"
EndProject
Project("{FAE04EC0-301F-11D3-BF4B-00C04F79EFBC}") = "TesteHBSIS.WebApp", "TesteHBSIS.WebApp\TesteHBSIS.WebApp.csproj", "{ABB4C238-F1D1-40B9-A6AB-860E1BE272C3}"
EndProject
Global
	GlobalSection(SolutionConfigurationPlatforms) = preSolution
		Debug|Any CPU = Debug|Any CPU
		Release|Any CPU = Release|Any CPU
	EndGlobalSection
	GlobalSection(ProjectConfigurationPlatforms) = postSolution
		{9637E2E3-5DF3-4016-AB1A-C2B4F5CA0E7E}.Debug|Any CPU.ActiveCfg = Debug|Any CPU
		{9637E2E3-5DF3-4016-AB1A-C2B4F5CA0E7E}.Debug|Any CPU.Build.0 = Debug|Any CPU
		{9637E2E3-5DF3-4016-AB1A-C2B4F5CA0E7E}.Release|Any CPU.ActiveCfg = Release|Any CPU
		{9637E2E3-5DF3-4016-AB1A-C2B4F5CA0E7E}.Release|Any CPU.Build.0 = Release|Any CPU
		{0B3D65F4-9246-4B6A-8E83-01D8F2F33660}.Debug|Any CPU.ActiveCfg = Debug|Any CPU
		{0B3D65F4-9246-4B6A-8E83-01D8F2F33660}.Debug|Any CPU.Build.0 = Debug|Any CPU
		{0B3D65F4-9246-4B6A-8E83-01D8F2F33660}.Release|Any CPU.ActiveCfg = Release|Any CPU
		{0B3D65F4-9246-4B6A-8E83-01D8F2F33660}.Release|Any CPU.Build.0 = Release|Any CPU
		{EFF8A604-DFB0-4B3F-96C4-16F02C8383F5}.Debug|Any CPU.ActiveCfg = Debug|Any CPU
		{EFF8A604-DFB0-4B3F-96C4-16F02C8383F5}.Debug|Any CPU.Build.0 = Debug|Any CPU
		{EFF8A604-DFB0-4B3F-96C4-16F02C8383F5}.Release|Any CPU.ActiveCfg = Release|Any CPU
		{EFF8A604-DFB0-4B3F-96C4-16F02C8383F5}.Release|Any CPU.Build.0 = Release|Any CPU
		{4C8D9685-C193-447E-9B40-6706E5FB59BE}.Debug|Any CPU.ActiveCfg = Debug|Any CPU
		{4C8D9685-C193-447E-9B40-6706E5FB59BE}.Debug|Any CPU.Build.0 = Debug|Any CPU
		{4C8D9685-C193-447E-9B40-6706E5FB59BE}.Release|Any CPU.ActiveCfg = Release|Any CPU
		{4C8D9685-C193-447E-9B40-6706E5FB59BE}.Release|Any CPU.Build.0 = Release|Any CPU
		{ABB4C238-F1D1-40B9-A6AB-860E1BE272C3}.Debug|Any CPU.ActiveCfg = Debug|Any CPU
		{ABB4C238-F1D1-40B9-A6AB-860E1BE272C3}.Debug|Any CPU.Build.0 = Debug|Any CPU
		{ABB4C238-F1D1-40B9-A6AB-860E1BE272C3}.Release|Any CPU.ActiveCfg = Release|Any CPU
		{ABB4C238-F1D1-40B9-A6AB-860E1BE272C3}.Release|Any CPU.Build.0 = Release|Any CPU
	EndGlobalSection
	GlobalSection(SolutionProperties) = preSolution
		HideSolutionNode = FALSE
	EndGlobalSection
	GlobalSection(ExtensibilityGlobals) = postSolution
		EnterpriseLibraryConfigurationToolBinariesPath = packages\Unity.2.1.505.0\lib\NET35
		SolutionGuid = {4F766A6B-51A4-4E7E-9C73-C3D9891DC9D3}
	EndGlobalSection
EndGlobal
